# THIS IS AN AUTOGENERATED FILE. DO NOT EDIT THIS FILE DIRECTLY.
# yarn lockfile v1


"@aws-amplify/analytics@^1.2.14":
  version "1.2.14"
  resolved "https://registry.yarnpkg.com/@aws-amplify/analytics/-/analytics-1.2.14.tgz#6a815bda069f0844923f833ac4e5df1f7ef1c569"
  integrity sha512-CwWvfVHBNYBjyftF60Gk8G5PIDpQDBSw2X4viW1gY/vPNO7aXb8X1XIbEebJuGGJIcQ5v9n8YsU4krucJS3u6A==
  dependencies:
    "@aws-amplify/cache" "^1.0.25"
    "@aws-amplify/core" "^1.0.25"
    uuid "^3.2.1"

"@aws-amplify/api@^1.0.33":
  version "1.0.33"
  resolved "https://registry.yarnpkg.com/@aws-amplify/api/-/api-1.0.33.tgz#e1d4837c2abc38aa939358ed3ee003b6875be2a4"
  integrity sha512-3lJG0IXS30KfUk6M5RNuJreeboDwXjzXfb9DYfwcCIqIRW15DTeLX9cqS7bVHN0pvyND0tCOL3rfVVDZA3Ob/w==
  dependencies:
    "@aws-amplify/auth" "^1.2.22"
    "@aws-amplify/cache" "^1.0.25"
    "@aws-amplify/core" "^1.0.25"
    "@types/zen-observable" "^0.5.3"
    axios "^0.17.0"
    graphql "0.13.0"
    uuid "^3.2.1"
    zen-observable "^0.8.6"

"@aws-amplify/auth@^1.2.22":
  version "1.2.22"
  resolved "https://registry.yarnpkg.com/@aws-amplify/auth/-/auth-1.2.22.tgz#18b137afd85f22ab59bad05ca8d464192b722b67"
  integrity sha512-aa1Tm4ZcLooHpJ+j1Gl/HRro3xv427IOR0uTVeOe7JDHdr0IDFx7Bl20hSeC+XU/lGlUFXWIJ4ZPgFMGFRwAhQ==
  dependencies:
    "@aws-amplify/cache" "^1.0.25"
    "@aws-amplify/core" "^1.0.25"
    amazon-cognito-identity-js "^3.0.10"
    crypto-js "^3.1.9-1"

"@aws-amplify/cache@^1.0.25":
  version "1.0.25"
  resolved "https://registry.yarnpkg.com/@aws-amplify/cache/-/cache-1.0.25.tgz#c3c92bd117139975372e233330e251c10e4fe8de"
  integrity sha512-UYEkUNhAMqcjrCnRyHUp5Z/DK1jrWjm1d519WN3WLS46c7XCDDkkNV221oGohNWvG9YutKsSJEjnS4pOob8tsQ==
  dependencies:
    "@aws-amplify/core" "^1.0.25"

"@aws-amplify/core@^1.0.25":
  version "1.0.25"
  resolved "https://registry.yarnpkg.com/@aws-amplify/core/-/core-1.0.25.tgz#d330fefe7119fc6e0254a7c39e0d1525fa039e4b"
  integrity sha512-h0QJoqiGmYm4T4EEI3ZQgE7IBgnEz+vXQlXSsnMDhjtbaxPEO+tAXNSHdnxcoAQCoDK/KMAdHYbu2vY7Hor/SQ==
  dependencies:
    aws-sdk "2.329.0"
    url "^0.11.0"

"@aws-amplify/interactions@^1.0.28":
  version "1.0.28"
  resolved "https://registry.yarnpkg.com/@aws-amplify/interactions/-/interactions-1.0.28.tgz#74e887a6f1a493c383acbaadc1e3c6361f336600"
  integrity sha512-ijd2Fk9/loiGK68hI5WdbEaRmgfUQC4qY2meRAb2YQLXiYFCmhwkIcIXN0t9G6dmDrXL3hUFm7SXLaOfd+m7SA==
  dependencies:
    "@aws-amplify/core" "^1.0.25"

"@aws-amplify/pubsub@^1.0.26":
  version "1.0.26"
  resolved "https://registry.yarnpkg.com/@aws-amplify/pubsub/-/pubsub-1.0.26.tgz#354d2aef2c5b7822c2158f66f925cbfa91c65644"
  integrity sha512-HaF7ypN1cg7XGDJE8796BoB2J0cqpZMKjI26DRA+Cu5w/bV60spTI6CkFgZuq7X1uOaKqrxcV0U2WLumXbj8Sg==
  dependencies:
    "@aws-amplify/core" "^1.0.25"
    "@types/zen-observable" "^0.5.3"
    uuid "^3.2.1"
    zen-observable "^0.8.6"

"@aws-amplify/storage@^1.0.28":
  version "1.0.28"
  resolved "https://registry.yarnpkg.com/@aws-amplify/storage/-/storage-1.0.28.tgz#4d3ce2f9433444f22faea51eb22799ff3d0304fd"
  integrity sha512-Qwmiw6tNhniOWnWZJ9VfHdXk9AkcRCD6YgqRqF1i+rVmJu3eh4/aci3314UYoC4DRGOu7p0vhV37L9D+l+QMtw==
  dependencies:
    "@aws-amplify/core" "^1.0.25"

"@aws-amplify/ui@^1.0.18":
  version "1.0.18"
  resolved "https://registry.yarnpkg.com/@aws-amplify/ui/-/ui-1.0.18.tgz#bfded97e69008afb529ec9d0e3e7a1ba4338e795"
  integrity sha512-4laTdA1Fu/r0wG8G5M1w7EWAtnH2kgqdAc6g13pVNPpVI53vTKwIJD76m9WHjcF8TKwrzSKoFu9HDml6MCoXCw==

"@aws-amplify/xr@^0.1.15":
  version "0.1.15"
  resolved "https://registry.yarnpkg.com/@aws-amplify/xr/-/xr-0.1.15.tgz#5a2e01a784ae3f3c39e6cbde1b2a5025e70aff7c"
  integrity sha512-F9N8gO8rdDzMOOZAB8gTIuCBJBrRJUvYoQSoKO6lGk6reX5W6M2VHosNFp88X3OvXj+MxnGkD+I8dllOputoyg==
  dependencies:
    "@aws-amplify/core" "^1.0.25"

"@types/zen-observable@^0.5.3":
  version "0.5.4"
  resolved "https://registry.yarnpkg.com/@types/zen-observable/-/zen-observable-0.5.4.tgz#b863a4191e525206819e008097ebf0fb2e3a1cdc"
  integrity sha512-sW6xN96wUak4tgc89d0tbTg7QDGYhGv5hvQIS6h4mRCd8h2btiZ80loPU8cyLwsBbA4ZeQt0FjvUhJ4rNhdsGg==

amazon-cognito-identity-js@^3.0.10:
  version "3.0.11"
  resolved "https://registry.yarnpkg.com/amazon-cognito-identity-js/-/amazon-cognito-identity-js-3.0.11.tgz#bf966216bb300db64a7ffbee2a3035fedaff401c"
  integrity sha512-XKcMN6/IOeykp0tnYniodFIdgyk5e5I2KtRrCa3iVZM9OuxNgdoL4rRd26iB2AsWclf+0ymE/0idrbh/7S8BGA==
  dependencies:
    buffer "4.9.1"
    crypto-js "^3.1.9-1"
    js-cookie "^2.1.4"

aws-amplify-react@^2.3.6:
  version "2.3.6"
  resolved "https://registry.yarnpkg.com/aws-amplify-react/-/aws-amplify-react-2.3.6.tgz#723cdffbb2dbf13b084ce0657ae293e603de6270"
  integrity sha512-+Tg/NORw4OAeqGCj6vbS02otN4u1xAafc2ZuYMQBd32t8PTvn4F/vTCTIPEg8zWy1lVDCOjnC8jzaRHPj4fRbQ==
  dependencies:
    qrcode.react "^0.8.0"
    regenerator-runtime "^0.11.1"

aws-amplify@^1.1.26:
  version "1.1.26"
  resolved "https://registry.yarnpkg.com/aws-amplify/-/aws-amplify-1.1.26.tgz#fc87e9a0ec842cc11d88c16dbfb3967d3edf0c71"
  integrity sha512-T8R3n0HZgvA9GDO0jA24HLmhy9Jk/XwqZA5Fia0g+Pc1lnAHZ+bZHL1lO/VNz7BgbXYuq7kUhXsxexS07Fmsyw==
  dependencies:
    "@aws-amplify/analytics" "^1.2.14"
    "@aws-amplify/api" "^1.0.33"
    "@aws-amplify/auth" "^1.2.22"
    "@aws-amplify/cache" "^1.0.25"
    "@aws-amplify/core" "^1.0.25"
    "@aws-amplify/interactions" "^1.0.28"
    "@aws-amplify/pubsub" "^1.0.26"
    "@aws-amplify/storage" "^1.0.28"
    "@aws-amplify/ui" "^1.0.18"
    "@aws-amplify/xr" "^0.1.15"

aws-sdk@2.329.0:
  version "2.329.0"
  resolved "https://registry.yarnpkg.com/aws-sdk/-/aws-sdk-2.329.0.tgz#616da7ca5e1909e53333148694990e068272150f"
  integrity sha512-5yti9jyL6QL8CP5LGKX3uyrQcLAvLk6kyMZ749+F68IsutFKi0DaYxjxqx7lqWfzCSH3Z5REJ+XeywJLQ2tqfQ==
  dependencies:
    buffer "4.9.1"
    events "1.1.1"
    ieee754 "1.1.8"
    jmespath "0.15.0"
    querystring "0.2.0"
    sax "1.2.1"
    url "0.10.3"
    uuid "3.1.0"
    xml2js "0.4.19"

axios@^0.17.0:
  version "0.17.1"
  resolved "https://registry.yarnpkg.com/axios/-/axios-0.17.1.tgz#2d8e3e5d0bdbd7327f91bc814f5c57660f81824d"
  integrity sha1-LY4+XQvb1zJ/kbyBT1xXZg+Bgk0=
  dependencies:
    follow-redirects "^1.2.5"
    is-buffer "^1.1.5"

base64-js@^1.0.2:
  version "1.3.0"
  resolved "https://registry.yarnpkg.com/base64-js/-/base64-js-1.3.0.tgz#cab1e6118f051095e58b5281aea8c1cd22bfc0e3"
  integrity sha512-ccav/yGvoa80BQDljCxsmmQ3Xvx60/UpBIij5QN21W3wBi/hhIC9OoO+KLpu9IJTS9j4DRVJ3aDDF9cMSoa2lw==

buffer@4.9.1:
  version "4.9.1"
  resolved "https://registry.yarnpkg.com/buffer/-/buffer-4.9.1.tgz#6d1bb601b07a4efced97094132093027c95bc298"
  integrity sha1-bRu2AbB6TvztlwlBMgkwJ8lbwpg=
  dependencies:
    base64-js "^1.0.2"
    ieee754 "^1.1.4"
    isarray "^1.0.0"

crypto-js@^3.1.9-1:
  version "3.1.9-1"
  resolved "https://registry.yarnpkg.com/crypto-js/-/crypto-js-3.1.9-1.tgz#fda19e761fc077e01ffbfdc6e9fdfc59e8806cd8"
  integrity sha1-/aGedh/Ad+Af+/3G6f38WeiAbNg=

debug@^3.2.6:
  version "3.2.6"
  resolved "https://registry.yarnpkg.com/debug/-/debug-3.2.6.tgz#e83d17de16d8a7efb7717edbe5fb10135eee629b"
  integrity sha512-mel+jf7nrtEl5Pn1Qx46zARXKDpBbvzezse7p7LqINmdoIk8PYP5SySaxEmYv6TZ0JyEKA1hsCId6DIhgITtWQ==
  dependencies:
    ms "^2.1.1"

events@1.1.1:
  version "1.1.1"
  resolved "https://registry.yarnpkg.com/events/-/events-1.1.1.tgz#9ebdb7635ad099c70dcc4c2a1f5004288e8bd924"
  integrity sha1-nr23Y1rQmccNzEwqH1AEKI6L2SQ=

follow-redirects@^1.2.5:
  version "1.7.0"
  resolved "https://registry.yarnpkg.com/follow-redirects/-/follow-redirects-1.7.0.tgz#489ebc198dc0e7f64167bd23b03c4c19b5784c76"
  integrity sha512-m/pZQy4Gj287eNy94nivy5wchN3Kp+Q5WgUPNy5lJSZ3sgkVKSYV/ZChMAQVIgx1SqfZ2zBZtPA2YlXIWxxJOQ==
  dependencies:
    debug "^3.2.6"

graphql@0.13.0:
  version "0.13.0"
  resolved "https://registry.yarnpkg.com/graphql/-/graphql-0.13.0.tgz#d1b44a282279a9ce0a6ec1037329332f4c1079b6"
  integrity sha512-WlO+ZJT9aY3YrBT+H5Kk+eVb3OVVehB9iRD/xqeHdmrrn4AFl5FIcOpfHz/vnBr6Y6JthGMlnFqU8XRnDjSR7A==
  dependencies:
    iterall "1.1.x"

ieee754@1.1.8:
  version "1.1.8"
  resolved "https://registry.yarnpkg.com/ieee754/-/ieee754-1.1.8.tgz#be33d40ac10ef1926701f6f08a2d86fbfd1ad3e4"
  integrity sha1-vjPUCsEO8ZJnAfbwii2G+/0a0+Q=

ieee754@^1.1.4:
  version "1.1.13"
  resolved "https://registry.yarnpkg.com/ieee754/-/ieee754-1.1.13.tgz#ec168558e95aa181fd87d37f55c32bbcb6708b84"
  integrity sha512-4vf7I2LYV/HaWerSo3XmlMkp5eZ83i+/CDluXi/IGTs/O1sejBNhTtnxzmRZfvOUqj7lZjqHkeTvpgSFDlWZTg==

is-buffer@^1.1.5:
  version "1.1.6"
  resolved "https://registry.yarnpkg.com/is-buffer/-/is-buffer-1.1.6.tgz#efaa2ea9daa0d7ab2ea13a97b2b8ad51fefbe8be"
  integrity sha512-NcdALwpXkTm5Zvvbk7owOUSvVvBKDgKP5/ewfXEznmQFfs4ZRmanOeKBTjRVjka3QFoN6XJ+9F3USqfHqTaU5w==

isarray@^1.0.0:
  version "1.0.0"
  resolved "https://registry.yarnpkg.com/isarray/-/isarray-1.0.0.tgz#bb935d48582cba168c06834957a54a3e07124f11"
  integrity sha1-u5NdSFgsuhaMBoNJV6VKPgcSTxE=

iterall@1.1.x:
  version "1.1.4"
  resolved "https://registry.yarnpkg.com/iterall/-/iterall-1.1.4.tgz#0db40d38fdcf53ae14dc8ec674e62ab190d52cfc"
  integrity sha512-eaDsM/PY8D/X5mYQhecVc5/9xvSHED7yPON+ffQroBeTuqUVm7dfphMkK8NksXuImqZlVRoKtrNfMIVCYIqaUQ==

jmespath@0.15.0:
  version "0.15.0"
  resolved "https://registry.yarnpkg.com/jmespath/-/jmespath-0.15.0.tgz#a3f222a9aae9f966f5d27c796510e28091764217"
  integrity sha1-o/Iiqarp+Wb10nx5ZRDigJF2Qhc=

js-cookie@^2.1.4:
  version "2.2.0"
  resolved "https://registry.yarnpkg.com/js-cookie/-/js-cookie-2.2.0.tgz#1b2c279a6eece380a12168b92485265b35b1effb"
  integrity sha1-Gywnmm7s44ChIWi5JIUmWzWx7/s=

"js-tokens@^3.0.0 || ^4.0.0":
  version "4.0.0"
  resolved "https://registry.yarnpkg.com/js-tokens/-/js-tokens-4.0.0.tgz#19203fb59991df98e3a287050d4647cdeaf32499"
  integrity sha512-RdJUflcE3cUzKiMqQgsCu06FPu9UdIJO0beYbPhHN4k6apgJtifcoCtT9bcxOpYBtpD2kCM6Sbzg4CausW/PKQ==

loose-envify@^1.4.0:
  version "1.4.0"
  resolved "https://registry.yarnpkg.com/loose-envify/-/loose-envify-1.4.0.tgz#71ee51fa7be4caec1a63839f7e682d8132d30caf"
  integrity sha512-lyuxPGr/Wfhrlem2CL/UcnUc1zcqKAImBDzukY7Y5F/yQiNdko6+fRLevlw1HgMySw7f611UIY408EtxRSoK3Q==
  dependencies:
    js-tokens "^3.0.0 || ^4.0.0"

ms@^2.1.1:
  version "2.1.1"
  resolved "https://registry.yarnpkg.com/ms/-/ms-2.1.1.tgz#30a5864eb3ebb0a66f2ebe6d727af06a09d86e0a"
  integrity sha512-tgp+dl5cGk28utYktBsrFqA7HKgrhgPsg6Z/EfhWI4gl1Hwq8B/GmY/0oXZ6nF8hDVesS/FpnYaD/kOWhYQvyg==

object-assign@^4.1.1:
  version "4.1.1"
  resolved "https://registry.yarnpkg.com/object-assign/-/object-assign-4.1.1.tgz#2109adc7965887cfc05cbbd442cac8bfbb360863"
  integrity sha1-IQmtx5ZYh8/AXLvUQsrIv7s2CGM=

prop-types@^15.6.0:
  version "15.7.2"
  resolved "https://registry.yarnpkg.com/prop-types/-/prop-types-15.7.2.tgz#52c41e75b8c87e72b9d9360e0206b99dcbffa6c5"
  integrity sha512-8QQikdH7//R2vurIJSutZ1smHYTcLpRWEOlHnzcWHmBYrOGUysKwSsrC89BCiFj3CbrfJ/nXFdJepOVrY1GCHQ==
  dependencies:
    loose-envify "^1.4.0"
    object-assign "^4.1.1"
    react-is "^16.8.1"

punycode@1.3.2:
  version "1.3.2"
  resolved "https://registry.yarnpkg.com/punycode/-/punycode-1.3.2.tgz#9653a036fb7c1ee42342f2325cceefea3926c48d"
  integrity sha1-llOgNvt8HuQjQvIyXM7v6jkmxI0=

qr.js@0.0.0:
  version "0.0.0"
  resolved "https://registry.yarnpkg.com/qr.js/-/qr.js-0.0.0.tgz#cace86386f59a0db8050fa90d9b6b0e88a1e364f"
  integrity sha1-ys6GOG9ZoNuAUPqQ2baw6IoeNk8=

qrcode.react@^0.8.0:
  version "0.8.0"
  resolved "https://registry.yarnpkg.com/qrcode.react/-/qrcode.react-0.8.0.tgz#413b31cc3b62910e39513f7bead945e01c4c34fb"
  integrity sha512-16wKpuFvLwciIq2YAsfmPUCnSR8GrYPsXRK5KVdcIuX0+W/MKZbBkFhl44ttRx4TWZHqRjfztoWOxdPF0Hb9JA==
  dependencies:
    prop-types "^15.6.0"
    qr.js "0.0.0"

querystring@0.2.0:
  version "0.2.0"
  resolved "https://registry.yarnpkg.com/querystring/-/querystring-0.2.0.tgz#b209849203bb25df820da756e747005878521620"
  integrity sha1-sgmEkgO7Jd+CDadW50cAWHhSFiA=

react-is@^16.8.1:
  version "16.8.6"
  resolved "https://registry.yarnpkg.com/react-is/-/react-is-16.8.6.tgz#5bbc1e2d29141c9fbdfed456343fe2bc430a6a16"
  integrity sha512-aUk3bHfZ2bRSVFFbbeVS4i+lNPZr3/WM5jT2J5omUVV1zzcs1nAaf3l51ctA5FFvCRbhrH0bdAsRRQddFJZPtA==

regenerator-runtime@^0.11.1:
  version "0.11.1"
  resolved "https://registry.yarnpkg.com/regenerator-runtime/-/regenerator-runtime-0.11.1.tgz#be05ad7f9bf7d22e056f9726cee5017fbf19e2e9"
  integrity sha512-MguG95oij0fC3QV3URf4V2SDYGJhJnJGqvIIgdECeODCT98wSWDAJ94SSuVpYQUoTcGUIL6L4yNB7j1DFFHSBg==

sax@1.2.1:
  version "1.2.1"
  resolved "https://registry.yarnpkg.com/sax/-/sax-1.2.1.tgz#7b8e656190b228e81a66aea748480d828cd2d37a"
  integrity sha1-e45lYZCyKOgaZq6nSEgNgozS03o=

sax@>=0.6.0:
  version "1.2.4"
  resolved "https://registry.yarnpkg.com/sax/-/sax-1.2.4.tgz#2816234e2378bddc4e5354fab5caa895df7100d9"
  integrity sha512-NqVDv9TpANUjFm0N8uM5GxL36UgKi9/atZw+x7YFnQ8ckwFGKrl4xX4yWtrey3UJm5nP1kUbnYgLopqWNSRhWw==

url@0.10.3:
  version "0.10.3"
  resolved "https://registry.yarnpkg.com/url/-/url-0.10.3.tgz#021e4d9c7705f21bbf37d03ceb58767402774c64"
  integrity sha1-Ah5NnHcF8hu/N9A861h2dAJ3TGQ=
  dependencies:
    punycode "1.3.2"
    querystring "0.2.0"

url@^0.11.0:
  version "0.11.0"
  resolved "https://registry.yarnpkg.com/url/-/url-0.11.0.tgz#3838e97cfc60521eb73c525a8e55bfdd9e2e28f1"
  integrity sha1-ODjpfPxgUh63PFJajlW/3Z4uKPE=
  dependencies:
    punycode "1.3.2"
    querystring "0.2.0"

uuid@3.1.0:
  version "3.1.0"
  resolved "https://registry.yarnpkg.com/uuid/-/uuid-3.1.0.tgz#3dd3d3e790abc24d7b0d3a034ffababe28ebbc04"
  integrity sha512-DIWtzUkw04M4k3bf1IcpS2tngXEL26YUD2M0tMDUpnUrz2hgzUBlD55a4FjdLGPvfHxS6uluGWvaVEqgBcVa+g==

uuid@^3.2.1:
  version "3.3.2"
  resolved "https://registry.yarnpkg.com/uuid/-/uuid-3.3.2.tgz#1b4af4955eb3077c501c23872fc6513811587131"
  integrity sha512-yXJmeNaw3DnnKAOKJE51sL/ZaYfWJRl1pK9dr19YFCu0ObS231AB1/LbqTKRAQ5kw8A90rA6fr4riOUpTZvQZA==

xml2js@0.4.19:
  version "0.4.19"
  resolved "https://registry.yarnpkg.com/xml2js/-/xml2js-0.4.19.tgz#686c20f213209e94abf0d1bcf1efaa291c7827a7"
  integrity sha512-esZnJZJOiJR9wWKMyuvSE1y6Dq5LCuJanqhxslH2bxM6duahNZ+HMpCLhBQGZkbX6xRf8x1Y2eJlgt2q3qo49Q==
  dependencies:
    sax ">=0.6.0"
    xmlbuilder "~9.0.1"

xmlbuilder@~9.0.1:
  version "9.0.7"
  resolved "https://registry.yarnpkg.com/xmlbuilder/-/xmlbuilder-9.0.7.tgz#132ee63d2ec5565c557e20f4c22df9aca686b10d"
  integrity sha1-Ey7mPS7FVlxVfiD0wi35rKaGsQ0=

zen-observable@^0.8.6:
  version "0.8.14"
  resolved "https://registry.yarnpkg.com/zen-observable/-/zen-observable-0.8.14.tgz#d33058359d335bc0db1f0af66158b32872af3bf7"
  integrity sha512-kQz39uonEjEESwh+qCi83kcC3rZJGh4mrZW7xjkSQYXkq//JZHTtKo+6yuVloTgMtzsIWOJrjIrKvk/dqm0L5g==
